
Microsoft Visual Studio Solution File, Format Version 12.00
# Visual Studio 15
VisualStudioVersion = 15.0.28307.168
MinimumVisualStudioVersion = 10.0.40219.1
Project("{8BC9CEB8-8B4A-11D0-8D11-00A0C91BC942}") = "Simple_Matrix_Calculation_Library", "Simple_Matrix_Calculation_Library\Simple_Matrix_Calculation_Library.vcxproj", "{C4934940-735C-4E99-8B19-1A2DC4EB7EF7}"
EndProject
Global
	GlobalSection(SolutionConfigurationPlatforms) = preSolution
		Debug|x64 = Debug|x64
		Debug|x86 = Debug|x86
		Release|x64 = Release|x64
		Release|x86 = Release|x86
	EndGlobalSection
	GlobalSection(ProjectConfigurationPlatforms) = postSolution
		{C4934940-735C-4E99-8B19-1A2DC4EB7EF7}.Debug|x64.ActiveCfg = Debug|x64
		{C4934940-735C-4E99-8B19-1A2DC4EB7EF7}.Debug|x64.Build.0 = Debug|x64
		{C4934940-735C-4E99-8B19-1A2DC4EB7EF7}.Debug|x86.ActiveCfg = Debug|Win32
		{C4934940-735C-4E99-8B19-1A2DC4EB7EF7}.Debug|x86.Build.0 = Debug|Win32
		{C4934940-735C-4E99-8B19-1A2DC4EB7EF7}.Release|x64.ActiveCfg = Release|x64
		{C4934940-735C-4E99-8B19-1A2DC4EB7EF7}.Release|x64.Build.0 = Release|x64
		{C4934940-735C-4E99-8B19-1A2DC4EB7EF7}.Release|x86.ActiveCfg = Release|Win32
		{C4934940-735C-4E99-8B19-1A2DC4EB7EF7}.Release|x86.Build.0 = Release|Win32
	EndGlobalSection
	GlobalSection(SolutionProperties) = preSolution
		HideSolutionNode = FALSE
	EndGlobalSection
	GlobalSection(ExtensibilityGlobals) = postSolution
		SolutionGuid = {278460C3-471D-4653-A418-BDBAC33CE28C}
	EndGlobalSection
EndGlobal
